// !$*UTF8*$!
{
	archiveVersion = 1;
	classes = {
	};
	objectVersion = 55;
	objects = {

/* Begin PBXBuildFile section */
		B4C7384328C0834500355156 /* AppDelegate.swift in Sources */ = {isa = PBXBuildFile; fileRef = B4C7384228C0834500355156 /* AppDelegate.swift */; };
		B4C7384528C0834500355156 /* SceneDelegate.swift in Sources */ = {isa = PBXBuildFile; fileRef = B4C7384428C0834500355156 /* SceneDelegate.swift */; };
		B4C7384A28C0834500355156 /* Main.storyboard in Resources */ = {isa = PBXBuildFile; fileRef = B4C7384828C0834500355156 /* Main.storyboard */; };
		B4C7384C28C0834600355156 /* Assets.xcassets in Resources */ = {isa = PBXBuildFile; fileRef = B4C7384B28C0834600355156 /* Assets.xcassets */; };
		B4C7384F28C0834600355156 /* LaunchScreen.storyboard in Resources */ = {isa = PBXBuildFile; fileRef = B4C7384D28C0834600355156 /* LaunchScreen.storyboard */; };
		B4C7385728C0836000355156 /* CardListViewController.swift in Sources */ = {isa = PBXBuildFile; fileRef = B4C7385628C0836000355156 /* CardListViewController.swift */; };
		B4C7385B28C0849200355156 /* CreditCard.swift in Sources */ = {isa = PBXBuildFile; fileRef = B4C7385A28C0849200355156 /* CreditCard.swift */; };
		B4C7386A28C08AB500355156 /* Kingfisher in Frameworks */ = {isa = PBXBuildFile; productRef = B4C7386928C08AB500355156 /* Kingfisher */; };
		B4C7387128C08F2200355156 /* CardListCell.swift in Sources */ = {isa = PBXBuildFile; fileRef = B4C7386F28C08F2200355156 /* CardListCell.swift */; };
		B4C7387228C08F2200355156 /* CardListCell.xib in Resources */ = {isa = PBXBuildFile; fileRef = B4C7387028C08F2200355156 /* CardListCell.xib */; };
		B4C7387428C0900000355156 /* CardDetailViewController.swift in Sources */ = {isa = PBXBuildFile; fileRef = B4C7387328C0900000355156 /* CardDetailViewController.swift */; };
		B4C7387728C0915900355156 /* Lottie in Frameworks */ = {isa = PBXBuildFile; productRef = B4C7387628C0915900355156 /* Lottie */; };
		B4C7387928C0920200355156 /* money.json in Resources */ = {isa = PBXBuildFile; fileRef = B4C7387828C0920200355156 /* money.json */; };
		B4C7387B28C0975300355156 /* GoogleService-Info.plist in Resources */ = {isa = PBXBuildFile; fileRef = B4C7387A28C0975300355156 /* GoogleService-Info.plist */; };
		B4C7387E28C0988100355156 /* FirebaseDatabase in Frameworks */ = {isa = PBXBuildFile; productRef = B4C7387D28C0988100355156 /* FirebaseDatabase */; };
		B4C7388028C0988100355156 /* FirebaseDatabaseSwift in Frameworks */ = {isa = PBXBuildFile; productRef = B4C7387F28C0988100355156 /* FirebaseDatabaseSwift */; };
/* End PBXBuildFile section */

/* Begin PBXFileReference section */
		B4C7383F28C0834500355156 /* CreditCardList.app */ = {isa = PBXFileReference; explicitFileType = wrapper.application; includeInIndex = 0; path = CreditCardList.app; sourceTree = BUILT_PRODUCTS_DIR; };
		B4C7384228C0834500355156 /* AppDelegate.swift */ = {isa = PBXFileReference; lastKnownFileType = sourcecode.swift; path = AppDelegate.swift; sourceTree = "<group>"; };
		B4C7384428C0834500355156 /* SceneDelegate.swift */ = {isa = PBXFileReference; lastKnownFileType = sourcecode.swift; path = SceneDelegate.swift; sourceTree = "<group>"; };
		B4C7384928C0834500355156 /* Base */ = {isa = PBXFileReference; lastKnownFileType = file.storyboard; name = Base; path = Base.lproj/Main.storyboard; sourceTree = "<group>"; };
		B4C7384B28C0834600355156 /* Assets.xcassets */ = {isa = PBXFileReference; lastKnownFileType = folder.assetcatalog; path = Assets.xcassets; sourceTree = "<group>"; };
		B4C7384E28C0834600355156 /* Base */ = {isa = PBXFileReference; lastKnownFileType = file.storyboard; name = Base; path = Base.lproj/LaunchScreen.storyboard; sourceTree = "<group>"; };
		B4C7385028C0834600355156 /* Info.plist */ = {isa = PBXFileReference; lastKnownFileType = text.plist.xml; path = Info.plist; sourceTree = "<group>"; };
		B4C7385628C0836000355156 /* CardListViewController.swift */ = {isa = PBXFileReference; lastKnownFileType = sourcecode.swift; path = CardListViewController.swift; sourceTree = "<group>"; };
		B4C7385A28C0849200355156 /* CreditCard.swift */ = {isa = PBXFileReference; lastKnownFileType = sourcecode.swift; path = CreditCard.swift; sourceTree = "<group>"; };
		B4C7386F28C08F2200355156 /* CardListCell.swift */ = {isa = PBXFileReference; fileEncoding = 4; lastKnownFileType = sourcecode.swift; path = CardListCell.swift; sourceTree = "<group>"; };
		B4C7387028C08F2200355156 /* CardListCell.xib */ = {isa = PBXFileReference; fileEncoding = 4; lastKnownFileType = file.xib; path = CardListCell.xib; sourceTree = "<group>"; };
		B4C7387328C0900000355156 /* CardDetailViewController.swift */ = {isa = PBXFileReference; lastKnownFileType = sourcecode.swift; path = CardDetailViewController.swift; sourceTree = "<group>"; };
		B4C7387828C0920200355156 /* money.json */ = {isa = PBXFileReference; fileEncoding = 4; lastKnownFileType = text.json; name = money.json; path = "../../../Downloads/Part 3-2/Ch2_CreditCardList/money.json"; sourceTree = "<group>"; };
		B4C7387A28C0975300355156 /* GoogleService-Info.plist */ = {isa = PBXFileReference; fileEncoding = 4; lastKnownFileType = text.plist.xml; name = "GoogleService-Info.plist"; path = "../../../Downloads/GoogleService-Info.plist"; sourceTree = "<group>"; };
/* End PBXFileReference section */

/* Begin PBXFrameworksBuildPhase section */
		B4C7383C28C0834500355156 /* Frameworks */ = {
			isa = PBXFrameworksBuildPhase;
			buildActionMask = 2147483647;
			files = (
				B4C7388028C0988100355156 /* FirebaseDatabaseSwift in Frameworks */,
				B4C7387E28C0988100355156 /* FirebaseDatabase in Frameworks */,
				B4C7386A28C08AB500355156 /* Kingfisher in Frameworks */,
				B4C7387728C0915900355156 /* Lottie in Frameworks */,
			);
			runOnlyForDeploymentPostprocessing = 0;
		};
/* End PBXFrameworksBuildPhase section */

/* Begin PBXGroup section */
		B4C7383628C0834500355156 = {
			isa = PBXGroup;
			children = (
				B4C7384128C0834500355156 /* CreditCardList */,
				B4C7384028C0834500355156 /* Products */,
			);
			sourceTree = "<group>";
		};
		B4C7384028C0834500355156 /* Products */ = {
			isa = PBXGroup;
			children = (
				B4C7383F28C0834500355156 /* CreditCardList.app */,
			);
			name = Products;
			sourceTree = "<group>";
		};
		B4C7384128C0834500355156 /* CreditCardList */ = {
			isa = PBXGroup;
			children = (
				B4C7387A28C0975300355156 /* GoogleService-Info.plist */,
				B4C7387828C0920200355156 /* money.json */,
				B4C7386F28C08F2200355156 /* CardListCell.swift */,
				B4C7387028C08F2200355156 /* CardListCell.xib */,
				B4C7384228C0834500355156 /* AppDelegate.swift */,
				B4C7385A28C0849200355156 /* CreditCard.swift */,
				B4C7384428C0834500355156 /* SceneDelegate.swift */,
				B4C7384828C0834500355156 /* Main.storyboard */,
				B4C7384B28C0834600355156 /* Assets.xcassets */,
				B4C7384D28C0834600355156 /* LaunchScreen.storyboard */,
				B4C7385028C0834600355156 /* Info.plist */,
				B4C7385628C0836000355156 /* CardListViewController.swift */,
				B4C7387328C0900000355156 /* CardDetailViewController.swift */,
			);
			path = CreditCardList;
			sourceTree = "<group>";
		};
/* End PBXGroup section */

/* Begin PBXNativeTarget section */
		B4C7383E28C0834500355156 /* CreditCardList */ = {
			isa = PBXNativeTarget;
			buildConfigurationList = B4C7385328C0834600355156 /* Build configuration list for PBXNativeTarget "CreditCardList" */;
			buildPhases = (
				B4C7383B28C0834500355156 /* Sources */,
				B4C7383C28C0834500355156 /* Frameworks */,
				B4C7383D28C0834500355156 /* Resources */,
			);
			buildRules = (
			);
			dependencies = (
			);
			name = CreditCardList;
			packageProductDependencies = (
				B4C7386928C08AB500355156 /* Kingfisher */,
				B4C7387628C0915900355156 /* Lottie */,
				B4C7387D28C0988100355156 /* FirebaseDatabase */,
				B4C7387F28C0988100355156 /* FirebaseDatabaseSwift */,
			);
			productName = CreditCardList;
			productReference = B4C7383F28C0834500355156 /* CreditCardList.app */;
			productType = "com.apple.product-type.application";
		};
/* End PBXNativeTarget section */

/* Begin PBXProject section */
		B4C7383728C0834500355156 /* Project object */ = {
			isa = PBXProject;
			attributes = {
				BuildIndependentTargetsInParallel = 1;
				LastSwiftUpdateCheck = 1340;
				LastUpgradeCheck = 1340;
				TargetAttributes = {
					B4C7383E28C0834500355156 = {
						CreatedOnToolsVersion = 13.4.1;
					};
				};
			};
			buildConfigurationList = B4C7383A28C0834500355156 /* Build configuration list for PBXProject "CreditCardList" */;
			compatibilityVersion = "Xcode 13.0";
			developmentRegion = en;
			hasScannedForEncodings = 0;
			knownRegions = (
				en,
				Base,
			);
			mainGroup = B4C7383628C0834500355156;
			packageReferences = (
				B4C7386828C08AB500355156 /* XCRemoteSwiftPackageReference "Kingfisher" */,
				B4C7387528C0915800355156 /* XCRemoteSwiftPackageReference "lottie-ios" */,
				B4C7387C28C0988100355156 /* XCRemoteSwiftPackageReference "firebase-ios-sdk" */,
			);
			productRefGroup = B4C7384028C0834500355156 /* Products */;
			projectDirPath = "";
			projectRoot = "";
			targets = (
				B4C7383E28C0834500355156 /* CreditCardList */,
			);
		};
/* End PBXProject section */

/* Begin PBXResourcesBuildPhase section */
		B4C7383D28C0834500355156 /* Resources */ = {
			isa = PBXResourcesBuildPhase;
			buildActionMask = 2147483647;
			files = (
				B4C7384F28C0834600355156 /* LaunchScreen.storyboard in Resources */,
				B4C7384C28C0834600355156 /* Assets.xcassets in Resources */,
				B4C7387928C0920200355156 /* money.json in Resources */,
				B4C7384A28C0834500355156 /* Main.storyboard in Resources */,
				B4C7387228C08F2200355156 /* CardListCell.xib in Resources */,
				B4C7387B28C0975300355156 /* GoogleService-Info.plist in Resources */,
			);
			runOnlyForDeploymentPostprocessing = 0;
		};
/* End PBXResourcesBuildPhase section */

/* Begin PBXSourcesBuildPhase section */
		B4C7383B28C0834500355156 /* Sources */ = {
			isa = PBXSourcesBuildPhase;
			buildActionMask = 2147483647;
			files = (
				B4C7385B28C0849200355156 /* CreditCard.swift in Sources */,
				B4C7387428C0900000355156 /* CardDetailViewController.swift in Sources */,
				B4C7385728C0836000355156 /* CardListViewController.swift in Sources */,
				B4C7387128C08F2200355156 /* CardListCell.swift in Sources */,
				B4C7384328C0834500355156 /* AppDelegate.swift in Sources */,
				B4C7384528C0834500355156 /* SceneDelegate.swift in Sources */,
			);
			runOnlyForDeploymentPostprocessing = 0;
		};
/* End PBXSourcesBuildPhase section */

/* Begin PBXVariantGroup section */
		B4C7384828C0834500355156 /* Main.storyboard */ = {
			isa = PBXVariantGroup;
			children = (
				B4C7384928C0834500355156 /* Base */,
			);
			name = Main.storyboard;
			sourceTree = "<group>";
		};
		B4C7384D28C0834600355156 /* LaunchScreen.storyboard */ = {
			isa = PBXVariantGroup;
			children = (
				B4C7384E28C0834600355156 /* Base */,
			);
			name = LaunchScreen.storyboard;
			sourceTree = "<group>";
		};
/* End PBXVariantGroup section */

/* Begin XCBuildConfiguration section */
		B4C7385128C0834600355156 /* Debug */ = {
			isa = XCBuildConfiguration;
			buildSettings = {
				ALWAYS_SEARCH_USER_PATHS = NO;
				CLANG_ANALYZER_NONNULL = YES;
				CLANG_ANALYZER_NUMBER_OBJECT_CONVERSION = YES_AGGRESSIVE;
				CLANG_CXX_LANGUAGE_STANDARD = "gnu++17";
				CLANG_ENABLE_MODULES = YES;
				CLANG_ENABLE_OBJC_ARC = YES;
				CLANG_ENABLE_OBJC_WEAK = YES;
				CLANG_WARN_BLOCK_CAPTURE_AUTORELEASING = YES;
				CLANG_WARN_BOOL_CONVERSION = YES;
				CLANG_WARN_COMMA = YES;
				CLANG_WARN_CONSTANT_CONVERSION = YES;
				CLANG_WARN_DEPRECATED_OBJC_IMPLEMENTATIONS = YES;
				CLANG_WARN_DIRECT_OBJC_ISA_USAGE = YES_ERROR;
				CLANG_WARN_DOCUMENTATION_COMMENTS = YES;
				CLANG_WARN_EMPTY_BODY = YES;
				CLANG_WARN_ENUM_CONVERSION = YES;
				CLANG_WARN_INFINITE_RECURSION = YES;
				CLANG_WARN_INT_CONVERSION = YES;
				CLANG_WARN_NON_LITERAL_NULL_CONVERSION = YES;
				CLANG_WARN_OBJC_IMPLICIT_RETAIN_SELF = YES;
				CLANG_WARN_OBJC_LITERAL_CONVERSION = YES;
				CLANG_WARN_OBJC_ROOT_CLASS = YES_ERROR;
				CLANG_WARN_QUOTED_INCLUDE_IN_FRAMEWORK_HEADER = YES;
				CLANG_WARN_RANGE_LOOP_ANALYSIS = YES;
				CLANG_WARN_STRICT_PROTOTYPES = YES;
				CLANG_WARN_SUSPICIOUS_MOVE = YES;
				CLANG_WARN_UNGUARDED_AVAILABILITY = YES_AGGRESSIVE;
				CLANG_WARN_UNREACHABLE_CODE = YES;
				CLANG_WARN__DUPLICATE_METHOD_MATCH = YES;
				COPY_PHASE_STRIP = NO;
				DEBUG_INFORMATION_FORMAT = dwarf;
				ENABLE_STRICT_OBJC_MSGSEND = YES;
				ENABLE_TESTABILITY = YES;
				GCC_C_LANGUAGE_STANDARD = gnu11;
				GCC_DYNAMIC_NO_PIC = NO;
				GCC_NO_COMMON_BLOCKS = YES;
				GCC_OPTIMIZATION_LEVEL = 0;
				GCC_PREPROCESSOR_DEFINITIONS = (
					"DEBUG=1",
					"$(inherited)",
				);
				GCC_WARN_64_TO_32_BIT_CONVERSION = YES;
				GCC_WARN_ABOUT_RETURN_TYPE = YES_ERROR;
				GCC_WARN_UNDECLARED_SELECTOR = YES;
				GCC_WARN_UNINITIALIZED_AUTOS = YES_AGGRESSIVE;
				GCC_WARN_UNUSED_FUNCTION = YES;
				GCC_WARN_UNUSED_VARIABLE = YES;
				IPHONEOS_DEPLOYMENT_TARGET = 15.5;
				MTL_ENABLE_DEBUG_INFO = INCLUDE_SOURCE;
				MTL_FAST_MATH = YES;
				ONLY_ACTIVE_ARCH = YES;
				SDKROOT = iphoneos;
				SWIFT_ACTIVE_COMPILATION_CONDITIONS = DEBUG;
				SWIFT_OPTIMIZATION_LEVEL = "-Onone";
			};
			name = Debug;
		};
		B4C7385228C0834600355156 /* Release */ = {
			isa = XCBuildConfiguration;
			buildSettings = {
				ALWAYS_SEARCH_USER_PATHS = NO;
				CLANG_ANALYZER_NONNULL = YES;
				CLANG_ANALYZER_NUMBER_OBJECT_CONVERSION = YES_AGGRESSIVE;
				CLANG_CXX_LANGUAGE_STANDARD = "gnu++17";
				CLANG_ENABLE_MODULES = YES;
				CLANG_ENABLE_OBJC_ARC = YES;
				CLANG_ENABLE_OBJC_WEAK = YES;
				CLANG_WARN_BLOCK_CAPTURE_AUTORELEASING = YES;
				CLANG_WARN_BOOL_CONVERSION = YES;
				CLANG_WARN_COMMA = YES;
				CLANG_WARN_CONSTANT_CONVERSION = YES;
				CLANG_WARN_DEPRECATED_OBJC_IMPLEMENTATIONS = YES;
				CLANG_WARN_DIRECT_OBJC_ISA_USAGE = YES_ERROR;
				CLANG_WARN_DOCUMENTATION_COMMENTS = YES;
				CLANG_WARN_EMPTY_BODY = YES;
				CLANG_WARN_ENUM_CONVERSION = YES;
				CLANG_WARN_INFINITE_RECURSION = YES;
				CLANG_WARN_INT_CONVERSION = YES;
				CLANG_WARN_NON_LITERAL_NULL_CONVERSION = YES;
				CLANG_WARN_OBJC_IMPLICIT_RETAIN_SELF = YES;
				CLANG_WARN_OBJC_LITERAL_CONVERSION = YES;
				CLANG_WARN_OBJC_ROOT_CLASS = YES_ERROR;
				CLANG_WARN_QUOTED_INCLUDE_IN_FRAMEWORK_HEADER = YES;
				CLANG_WARN_RANGE_LOOP_ANALYSIS = YES;
				CLANG_WARN_STRICT_PROTOTYPES = YES;
				CLANG_WARN_SUSPICIOUS_MOVE = YES;
				CLANG_WARN_UNGUARDED_AVAILABILITY = YES_AGGRESSIVE;
				CLANG_WARN_UNREACHABLE_CODE = YES;
				CLANG_WARN__DUPLICATE_METHOD_MATCH = YES;
				COPY_PHASE_STRIP = NO;
				DEBUG_INFORMATION_FORMAT = "dwarf-with-dsym";
				ENABLE_NS_ASSERTIONS = NO;
				ENABLE_STRICT_OBJC_MSGSEND = YES;
				GCC_C_LANGUAGE_STANDARD = gnu11;
				GCC_NO_COMMON_BLOCKS = YES;
				GCC_WARN_64_TO_32_BIT_CONVERSION = YES;
				GCC_WARN_ABOUT_RETURN_TYPE = YES_ERROR;
				GCC_WARN_UNDECLARED_SELECTOR = YES;
				GCC_WARN_UNINITIALIZED_AUTOS = YES_AGGRESSIVE;
				GCC_WARN_UNUSED_FUNCTION = YES;
				GCC_WARN_UNUSED_VARIABLE = YES;
				IPHONEOS_DEPLOYMENT_TARGET = 15.5;
				MTL_ENABLE_DEBUG_INFO = NO;
				MTL_FAST_MATH = YES;
				SDKROOT = iphoneos;
				SWIFT_COMPILATION_MODE = wholemodule;
				SWIFT_OPTIMIZATION_LEVEL = "-O";
				VALIDATE_PRODUCT = YES;
			};
			name = Release;
		};
		B4C7385428C0834600355156 /* Debug */ = {
			isa = XCBuildConfiguration;
			buildSettings = {
				ASSETCATALOG_COMPILER_APPICON_NAME = AppIcon;
				ASSETCATALOG_COMPILER_GLOBAL_ACCENT_COLOR_NAME = AccentColor;
				CODE_SIGN_STYLE = Automatic;
				CURRENT_PROJECT_VERSION = 1;
				DEVELOPMENT_TEAM = NMLQKC3L6A;
				GENERATE_INFOPLIST_FILE = YES;
				INFOPLIST_FILE = CreditCardList/Info.plist;
				INFOPLIST_KEY_UIApplicationSupportsIndirectInputEvents = YES;
				INFOPLIST_KEY_UILaunchStoryboardName = LaunchScreen;
				INFOPLIST_KEY_UIMainStoryboardFile = Main;
				INFOPLIST_KEY_UISupportedInterfaceOrientations_iPad = "UIInterfaceOrientationPortrait UIInterfaceOrientationPortraitUpsideDown UIInterfaceOrientationLandscapeLeft UIInterfaceOrientationLandscapeRight";
				INFOPLIST_KEY_UISupportedInterfaceOrientations_iPhone = "UIInterfaceOrientationPortrait UIInterfaceOrientationLandscapeLeft UIInterfaceOrientationLandscapeRight";
				LD_RUNPATH_SEARCH_PATHS = (
					"$(inherited)",
					"@executable_path/Frameworks",
				);
				MARKETING_VERSION = 1.0;
				PRODUCT_BUNDLE_IDENTIFIER = com.hylee.CreditCardList;
				PRODUCT_NAME = "$(TARGET_NAME)";
				SWIFT_EMIT_LOC_STRINGS = YES;
				SWIFT_VERSION = 5.0;
				TARGETED_DEVICE_FAMILY = "1,2";
			};
			name = Debug;
		};
		B4C7385528C0834600355156 /* Release */ = {
			isa = XCBuildConfiguration;
			buildSettings = {
				ASSETCATALOG_COMPILER_APPICON_NAME = AppIcon;
				ASSETCATALOG_COMPILER_GLOBAL_ACCENT_COLOR_NAME = AccentColor;
				CODE_SIGN_STYLE = Automatic;
				CURRENT_PROJECT_VERSION = 1;
				DEVELOPMENT_TEAM = NMLQKC3L6A;
				GENERATE_INFOPLIST_FILE = YES;
				INFOPLIST_FILE = CreditCardList/Info.plist;
				INFOPLIST_KEY_UIApplicationSupportsIndirectInputEvents = YES;
				INFOPLIST_KEY_UILaunchStoryboardName = LaunchScreen;
				INFOPLIST_KEY_UIMainStoryboardFile = Main;
				INFOPLIST_KEY_UISupportedInterfaceOrientations_iPad = "UIInterfaceOrientationPortrait UIInterfaceOrientationPortraitUpsideDown UIInterfaceOrientationLandscapeLeft UIInterfaceOrientationLandscapeRight";
				INFOPLIST_KEY_UISupportedInterfaceOrientations_iPhone = "UIInterfaceOrientationPortrait UIInterfaceOrientationLandscapeLeft UIInterfaceOrientationLandscapeRight";
				LD_RUNPATH_SEARCH_PATHS = (
					"$(inherited)",
					"@executable_path/Frameworks",
				);
				MARKETING_VERSION = 1.0;
				PRODUCT_BUNDLE_IDENTIFIER = com.hylee.CreditCardList;
				PRODUCT_NAME = "$(TARGET_NAME)";
				SWIFT_EMIT_LOC_STRINGS = YES;
				SWIFT_VERSION = 5.0;
				TARGETED_DEVICE_FAMILY = "1,2";
			};
			name = Release;
		};
/* End XCBuildConfiguration section */

/* Begin XCConfigurationList section */
		B4C7383A28C0834500355156 /* Build configuration list for PBXProject "CreditCardList" */ = {
			isa = XCConfigurationList;
			buildConfigurations = (
				B4C7385128C0834600355156 /* Debug */,
				B4C7385228C0834600355156 /* Release */,
			);
			defaultConfigurationIsVisible = 0;
			defaultConfigurationName = Release;
		};
		B4C7385328C0834600355156 /* Build configuration list for PBXNativeTarget "CreditCardList" */ = {
			isa = XCConfigurationList;
			buildConfigurations = (
				B4C7385428C0834600355156 /* Debug */,
				B4C7385528C0834600355156 /* Release */,
			);
			defaultConfigurationIsVisible = 0;
			defaultConfigurationName = Release;
		};
/* End XCConfigurationList section */

/* Begin XCRemoteSwiftPackageReference section */
		B4C7386828C08AB500355156 /* XCRemoteSwiftPackageReference "Kingfisher" */ = {
			isa = XCRemoteSwiftPackageReference;
			repositoryURL = "https://github.com/onevcat/Kingfisher.git";
			requirement = {
				kind = upToNextMajorVersion;
				minimumVersion = 7.0.0;
			};
		};
		B4C7387528C0915800355156 /* XCRemoteSwiftPackageReference "lottie-ios" */ = {
			isa = XCRemoteSwiftPackageReference;
			repositoryURL = "https://github.com/airbnb/lottie-ios.git";
			requirement = {
				kind = upToNextMajorVersion;
				minimumVersion = 3.0.0;
			};
		};
		B4C7387C28C0988100355156 /* XCRemoteSwiftPackageReference "firebase-ios-sdk" */ = {
			isa = XCRemoteSwiftPackageReference;
			repositoryURL = "https://github.com/firebase/firebase-ios-sdk";
			requirement = {
				branch = master;
				kind = branch;
			};
		};
/* End XCRemoteSwiftPackageReference section */

/* Begin XCSwiftPackageProductDependency section */
		B4C7386928C08AB500355156 /* Kingfisher */ = {
			isa = XCSwiftPackageProductDependency;
			package = B4C7386828C08AB500355156 /* XCRemoteSwiftPackageReference "Kingfisher" */;
			productName = Kingfisher;
		};
		B4C7387628C0915900355156 /* Lottie */ = {
			isa = XCSwiftPackageProductDependency;
			package = B4C7387528C0915800355156 /* XCRemoteSwiftPackageReference "lottie-ios" */;
			productName = Lottie;
		};
		B4C7387D28C0988100355156 /* FirebaseDatabase */ = {
			isa = XCSwiftPackageProductDependency;
			package = B4C7387C28C0988100355156 /* XCRemoteSwiftPackageReference "firebase-ios-sdk" */;
			productName = FirebaseDatabase;
		};
		B4C7387F28C0988100355156 /* FirebaseDatabaseSwift */ = {
			isa = XCSwiftPackageProductDependency;
			package = B4C7387C28C0988100355156 /* XCRemoteSwiftPackageReference "firebase-ios-sdk" */;
			productName = FirebaseDatabaseSwift;
		};
/* End XCSwiftPackageProductDependency section */
	};
	rootObject = B4C7383728C0834500355156 /* Project object */;
}
